// !$*UTF8*$!
{
	archiveVersion = 1;
	classes = {
	};
	objectVersion = 46;
	objects = {

/* Begin PBXBuildFile section */
		9F64D89E1DA7FB470000762F /* AppDelegate.swift in Sources */ = {isa = PBXBuildFile; fileRef = 9F64D89D1DA7FB470000762F /* AppDelegate.swift */; };
		9F64D8A31DA7FB470000762F /* Main.storyboard in Resources */ = {isa = PBXBuildFile; fileRef = 9F64D8A11DA7FB470000762F /* Main.storyboard */; };
		9F64D8A51DA7FB470000762F /* Assets.xcassets in Resources */ = {isa = PBXBuildFile; fileRef = 9F64D8A41DA7FB470000762F /* Assets.xcassets */; };
		9F64D8A81DA7FB470000762F /* LaunchScreen.storyboard in Resources */ = {isa = PBXBuildFile; fileRef = 9F64D8A61DA7FB470000762F /* LaunchScreen.storyboard */; };
		9FD7DB601DA81EB200719A0D /* GoogleService-Info.plist in Resources */ = {isa = PBXBuildFile; fileRef = 9FD7DB5F1DA81EB200719A0D /* GoogleService-Info.plist */; };
		9FD7DB621DA81F7100719A0D /* LoginViewController.swift in Sources */ = {isa = PBXBuildFile; fileRef = 9FD7DB611DA81F7100719A0D /* LoginViewController.swift */; };
		9FD7DB651DA8239600719A0D /* Extensions.swift in Sources */ = {isa = PBXBuildFile; fileRef = 9FD7DB641DA8239600719A0D /* Extensions.swift */; };
		9FD7DB671DA827E200719A0D /* EsqueciSenhaViewController.swift in Sources */ = {isa = PBXBuildFile; fileRef = 9FD7DB661DA827E200719A0D /* EsqueciSenhaViewController.swift */; };
		9FD7DB691DA829C600719A0D /* CriarContaViewController.swift in Sources */ = {isa = PBXBuildFile; fileRef = 9FD7DB681DA829C600719A0D /* CriarContaViewController.swift */; };
		D064C0665A4783AE8937D3AD /* Pods_Bepid_Chat.framework in Frameworks */ = {isa = PBXBuildFile; fileRef = F112C7A11C8ADF3494EB2C7A /* Pods_Bepid_Chat.framework */; };
/* End PBXBuildFile section */

/* Begin PBXFileReference section */
		9F64D89A1DA7FB470000762F /* Bepid Chat.app */ = {isa = PBXFileReference; explicitFileType = wrapper.application; includeInIndex = 0; path = "Bepid Chat.app"; sourceTree = BUILT_PRODUCTS_DIR; };
		9F64D89D1DA7FB470000762F /* AppDelegate.swift */ = {isa = PBXFileReference; lastKnownFileType = sourcecode.swift; path = AppDelegate.swift; sourceTree = "<group>"; };
		9F64D8A21DA7FB470000762F /* Base */ = {isa = PBXFileReference; lastKnownFileType = file.storyboard; name = Base; path = Base.lproj/Main.storyboard; sourceTree = "<group>"; };
		9F64D8A41DA7FB470000762F /* Assets.xcassets */ = {isa = PBXFileReference; lastKnownFileType = folder.assetcatalog; path = Assets.xcassets; sourceTree = "<group>"; };
		9F64D8A71DA7FB470000762F /* Base */ = {isa = PBXFileReference; lastKnownFileType = file.storyboard; name = Base; path = Base.lproj/LaunchScreen.storyboard; sourceTree = "<group>"; };
		9F64D8A91DA7FB470000762F /* Info.plist */ = {isa = PBXFileReference; lastKnownFileType = text.plist.xml; path = Info.plist; sourceTree = "<group>"; };
		9FD7DB5F1DA81EB200719A0D /* GoogleService-Info.plist */ = {isa = PBXFileReference; fileEncoding = 4; lastKnownFileType = text.plist.xml; path = "GoogleService-Info.plist"; sourceTree = "<group>"; };
		9FD7DB611DA81F7100719A0D /* LoginViewController.swift */ = {isa = PBXFileReference; fileEncoding = 4; lastKnownFileType = sourcecode.swift; path = LoginViewController.swift; sourceTree = "<group>"; };
		9FD7DB641DA8239600719A0D /* Extensions.swift */ = {isa = PBXFileReference; fileEncoding = 4; lastKnownFileType = sourcecode.swift; path = Extensions.swift; sourceTree = "<group>"; };
		9FD7DB661DA827E200719A0D /* EsqueciSenhaViewController.swift */ = {isa = PBXFileReference; fileEncoding = 4; lastKnownFileType = sourcecode.swift; path = EsqueciSenhaViewController.swift; sourceTree = "<group>"; };
		9FD7DB681DA829C600719A0D /* CriarContaViewController.swift */ = {isa = PBXFileReference; fileEncoding = 4; lastKnownFileType = sourcecode.swift; path = CriarContaViewController.swift; sourceTree = "<group>"; };
		BC2AB989B8EF9ADE5C67BE70 /* Pods-Bepid Chat.release.xcconfig */ = {isa = PBXFileReference; includeInIndex = 1; lastKnownFileType = text.xcconfig; name = "Pods-Bepid Chat.release.xcconfig"; path = "Pods/Target Support Files/Pods-Bepid Chat/Pods-Bepid Chat.release.xcconfig"; sourceTree = "<group>"; };
		C8672CDE041938BE53B5578C /* Pods-Bepid Chat.debug.xcconfig */ = {isa = PBXFileReference; includeInIndex = 1; lastKnownFileType = text.xcconfig; name = "Pods-Bepid Chat.debug.xcconfig"; path = "Pods/Target Support Files/Pods-Bepid Chat/Pods-Bepid Chat.debug.xcconfig"; sourceTree = "<group>"; };
		F112C7A11C8ADF3494EB2C7A /* Pods_Bepid_Chat.framework */ = {isa = PBXFileReference; explicitFileType = wrapper.framework; includeInIndex = 0; path = Pods_Bepid_Chat.framework; sourceTree = BUILT_PRODUCTS_DIR; };
/* End PBXFileReference section */

/* Begin PBXFrameworksBuildPhase section */
		9F64D8971DA7FB470000762F /* Frameworks */ = {
			isa = PBXFrameworksBuildPhase;
			buildActionMask = 2147483647;
			files = (
				D064C0665A4783AE8937D3AD /* Pods_Bepid_Chat.framework in Frameworks */,
			);
			runOnlyForDeploymentPostprocessing = 0;
		};
/* End PBXFrameworksBuildPhase section */

/* Begin PBXGroup section */
		96212B812DFD27CE0F732E37 /* Pods */ = {
			isa = PBXGroup;
			children = (
				C8672CDE041938BE53B5578C /* Pods-Bepid Chat.debug.xcconfig */,
				BC2AB989B8EF9ADE5C67BE70 /* Pods-Bepid Chat.release.xcconfig */,
			);
			name = Pods;
			sourceTree = "<group>";
		};
		9F64D8911DA7FB470000762F = {
			isa = PBXGroup;
			children = (
				9F64D89C1DA7FB470000762F /* Bepid Chat */,
				9F64D89B1DA7FB470000762F /* Products */,
				96212B812DFD27CE0F732E37 /* Pods */,
				AEB3D737FB67685BEA353CF7 /* Frameworks */,
			);
			sourceTree = "<group>";
		};
		9F64D89B1DA7FB470000762F /* Products */ = {
			isa = PBXGroup;
			children = (
				9F64D89A1DA7FB470000762F /* Bepid Chat.app */,
			);
			name = Products;
			sourceTree = "<group>";
		};
		9F64D89C1DA7FB470000762F /* Bepid Chat */ = {
			isa = PBXGroup;
			children = (
				9FD7DB5E1DA81E6C00719A0D /* Assets */,
				9FD7DB5D1DA81E5E00719A0D /* System */,
				9FD7DB591DA81E4500719A0D /* MVC */,
			);
			path = "Bepid Chat";
			sourceTree = "<group>";
		};
		9FD7DB591DA81E4500719A0D /* MVC */ = {
			isa = PBXGroup;
			children = (
				9FD7DB5C1DA81E5600719A0D /* Controller */,
				9FD7DB5B1DA81E5100719A0D /* View */,
				9FD7DB5A1DA81E4C00719A0D /* Model */,
			);
			name = MVC;
			sourceTree = "<group>";
		};
		9FD7DB5A1DA81E4C00719A0D /* Model */ = {
			isa = PBXGroup;
			children = (
				9FD7DB631DA8237A00719A0D /* Utils */,
			);
			name = Model;
			sourceTree = "<group>";
		};
		9FD7DB5B1DA81E5100719A0D /* View */ = {
			isa = PBXGroup;
			children = (
				9F64D8A61DA7FB470000762F /* LaunchScreen.storyboard */,
				9F64D8A11DA7FB470000762F /* Main.storyboard */,
			);
			name = View;
			sourceTree = "<group>";
		};
		9FD7DB5C1DA81E5600719A0D /* Controller */ = {
			isa = PBXGroup;
			children = (
				9FD7DB611DA81F7100719A0D /* LoginViewController.swift */,
				9FD7DB661DA827E200719A0D /* EsqueciSenhaViewController.swift */,
				9FD7DB681DA829C600719A0D /* CriarContaViewController.swift */,
			);
			name = Controller;
			sourceTree = "<group>";
		};
		9FD7DB5D1DA81E5E00719A0D /* System */ = {
			isa = PBXGroup;
			children = (
				9F64D89D1DA7FB470000762F /* AppDelegate.swift */,
				9FD7DB5F1DA81EB200719A0D /* GoogleService-Info.plist */,
				9F64D8A91DA7FB470000762F /* Info.plist */,
			);
			name = System;
			sourceTree = "<group>";
		};
		9FD7DB5E1DA81E6C00719A0D /* Assets */ = {
			isa = PBXGroup;
			children = (
				9F64D8A41DA7FB470000762F /* Assets.xcassets */,
			);
			name = Assets;
			sourceTree = "<group>";
		};
		9FD7DB631DA8237A00719A0D /* Utils */ = {
			isa = PBXGroup;
			children = (
				9FD7DB641DA8239600719A0D /* Extensions.swift */,
			);
			name = Utils;
			sourceTree = "<group>";
		};
		AEB3D737FB67685BEA353CF7 /* Frameworks */ = {
			isa = PBXGroup;
			children = (
				F112C7A11C8ADF3494EB2C7A /* Pods_Bepid_Chat.framework */,
			);
			name = Frameworks;
			sourceTree = "<group>";
		};
/* End PBXGroup section */

/* Begin PBXNativeTarget section */
		9F64D8991DA7FB470000762F /* Bepid Chat */ = {
			isa = PBXNativeTarget;
			buildConfigurationList = 9F64D8AC1DA7FB470000762F /* Build configuration list for PBXNativeTarget "Bepid Chat" */;
			buildPhases = (
				BD76DF9653F77C35B6A9C9C9 /* Check Pods Manifest.lock */,
				9F64D8961DA7FB470000762F /* Sources */,
				9F64D8971DA7FB470000762F /* Frameworks */,
				9F64D8981DA7FB470000762F /* Resources */,
				FD1FC4493B1B2F88E169F179 /* Embed Pods Frameworks */,
				4B3CEE98BD72075FD3A92B78 /* Copy Pods Resources */,
			);
			buildRules = (
			);
			dependencies = (
			);
			name = "Bepid Chat";
			productName = "Bepid Chat";
			productReference = 9F64D89A1DA7FB470000762F /* Bepid Chat.app */;
			productType = "com.apple.product-type.application";
		};
/* End PBXNativeTarget section */

/* Begin PBXProject section */
		9F64D8921DA7FB470000762F /* Project object */ = {
			isa = PBXProject;
			attributes = {
				LastSwiftUpdateCheck = 0800;
				LastUpgradeCheck = 0800;
				ORGANIZATIONNAME = "Matheus Alves";
				TargetAttributes = {
					9F64D8991DA7FB470000762F = {
						CreatedOnToolsVersion = 8.0;
						DevelopmentTeam = LSZG2VU824;
						ProvisioningStyle = Automatic;
					};
				};
			};
			buildConfigurationList = 9F64D8951DA7FB470000762F /* Build configuration list for PBXProject "Bepid Chat" */;
			compatibilityVersion = "Xcode 3.2";
			developmentRegion = English;
			hasScannedForEncodings = 0;
			knownRegions = (
				en,
				Base,
			);
			mainGroup = 9F64D8911DA7FB470000762F;
			productRefGroup = 9F64D89B1DA7FB470000762F /* Products */;
			projectDirPath = "";
			projectRoot = "";
			targets = (
				9F64D8991DA7FB470000762F /* Bepid Chat */,
			);
		};
/* End PBXProject section */

/* Begin PBXResourcesBuildPhase section */
		9F64D8981DA7FB470000762F /* Resources */ = {
			isa = PBXResourcesBuildPhase;
			buildActionMask = 2147483647;
			files = (
				9F64D8A81DA7FB470000762F /* LaunchScreen.storyboard in Resources */,
				9FD7DB601DA81EB200719A0D /* GoogleService-Info.plist in Resources */,
				9F64D8A51DA7FB470000762F /* Assets.xcassets in Resources */,
				9F64D8A31DA7FB470000762F /* Main.storyboard in Resources */,
			);
			runOnlyForDeploymentPostprocessing = 0;
		};
/* End PBXResourcesBuildPhase section */

/* Begin PBXShellScriptBuildPhase section */
		4B3CEE98BD72075FD3A92B78 /* Copy Pods Resources */ = {
			isa = PBXShellScriptBuildPhase;
			buildActionMask = 2147483647;
			files = (
			);
			inputPaths = (
			);
			name = "Copy Pods Resources";
			outputPaths = (
			);
			runOnlyForDeploymentPostprocessing = 0;
			shellPath = /bin/sh;
			shellScript = "\"${SRCROOT}/Pods/Target Support Files/Pods-Bepid Chat/Pods-Bepid Chat-resources.sh\"\n";
			showEnvVarsInLog = 0;
		};
		BD76DF9653F77C35B6A9C9C9 /* Check Pods Manifest.lock */ = {
			isa = PBXShellScriptBuildPhase;
			buildActionMask = 2147483647;
			files = (
			);
			inputPaths = (
			);
			name = "Check Pods Manifest.lock";
			outputPaths = (
			);
			runOnlyForDeploymentPostprocessing = 0;
			shellPath = /bin/sh;
			shellScript = "diff \"${PODS_ROOT}/../Podfile.lock\" \"${PODS_ROOT}/Manifest.lock\" > /dev/null\nif [[ $? != 0 ]] ; then\n    cat << EOM\nerror: The sandbox is not in sync with the Podfile.lock. Run 'pod install' or update your CocoaPods installation.\nEOM\n    exit 1\nfi\n";
			showEnvVarsInLog = 0;
		};
		FD1FC4493B1B2F88E169F179 /* Embed Pods Frameworks */ = {
			isa = PBXShellScriptBuildPhase;
			buildActionMask = 2147483647;
			files = (
			);
			inputPaths = (
			);
			name = "Embed Pods Frameworks";
			outputPaths = (
			);
			runOnlyForDeploymentPostprocessing = 0;
			shellPath = /bin/sh;
			shellScript = "\"${SRCROOT}/Pods/Target Support Files/Pods-Bepid Chat/Pods-Bepid Chat-frameworks.sh\"\n";
			showEnvVarsInLog = 0;
		};
/* End PBXShellScriptBuildPhase section */

/* Begin PBXSourcesBuildPhase section */
		9F64D8961DA7FB470000762F /* Sources */ = {
			isa = PBXSourcesBuildPhase;
			buildActionMask = 2147483647;
			files = (
				9FD7DB671DA827E200719A0D /* EsqueciSenhaViewController.swift in Sources */,
				9FD7DB691DA829C600719A0D /* CriarContaViewController.swift in Sources */,
				9FD7DB621DA81F7100719A0D /* LoginViewController.swift in Sources */,
				9FD7DB651DA8239600719A0D /* Extensions.swift in Sources */,
				9F64D89E1DA7FB470000762F /* AppDelegate.swift in Sources */,
			);
			runOnlyForDeploymentPostprocessing = 0;
		};
/* End PBXSourcesBuildPhase section */

/* Begin PBXVariantGroup section */
		9F64D8A11DA7FB470000762F /* Main.storyboard */ = {
			isa = PBXVariantGroup;
			children = (
				9F64D8A21DA7FB470000762F /* Base */,
			);
			name = Main.storyboard;
			sourceTree = "<group>";
		};
		9F64D8A61DA7FB470000762F /* LaunchScreen.storyboard */ = {
			isa = PBXVariantGroup;
			children = (
				9F64D8A71DA7FB470000762F /* Base */,
			);
			name = LaunchScreen.storyboard;
			sourceTree = "<group>";
		};
/* End PBXVariantGroup section */

/* Begin XCBuildConfiguration section */
		9F64D8AA1DA7FB470000762F /* Debug */ = {
			isa = XCBuildConfiguration;
			buildSettings = {
				ALWAYS_SEARCH_USER_PATHS = NO;
				CLANG_ANALYZER_NONNULL = YES;
				CLANG_CXX_LANGUAGE_STANDARD = "gnu++0x";
				CLANG_CXX_LIBRARY = "libc++";
				CLANG_ENABLE_MODULES = YES;
				CLANG_ENABLE_OBJC_ARC = YES;
				CLANG_WARN_BOOL_CONVERSION = YES;
				CLANG_WARN_CONSTANT_CONVERSION = YES;
				CLANG_WARN_DIRECT_OBJC_ISA_USAGE = YES_ERROR;
				CLANG_WARN_DOCUMENTATION_COMMENTS = YES;
				CLANG_WARN_EMPTY_BODY = YES;
				CLANG_WARN_ENUM_CONVERSION = YES;
				CLANG_WARN_INFINITE_RECURSION = YES;
				CLANG_WARN_INT_CONVERSION = YES;
				CLANG_WARN_OBJC_ROOT_CLASS = YES_ERROR;
				CLANG_WARN_SUSPICIOUS_MOVES = YES;
				CLANG_WARN_UNREACHABLE_CODE = YES;
				CLANG_WARN__DUPLICATE_METHOD_MATCH = YES;
				"CODE_SIGN_IDENTITY[sdk=iphoneos*]" = "iPhone Developer";
				COPY_PHASE_STRIP = NO;
				DEBUG_INFORMATION_FORMAT = dwarf;
				ENABLE_STRICT_OBJC_MSGSEND = YES;
				ENABLE_TESTABILITY = YES;
				GCC_C_LANGUAGE_STANDARD = gnu99;
				GCC_DYNAMIC_NO_PIC = NO;
				GCC_NO_COMMON_BLOCKS = YES;
				GCC_OPTIMIZATION_LEVEL = 0;
				GCC_PREPROCESSOR_DEFINITIONS = (
					"DEBUG=1",
					"$(inherited)",
				);
				GCC_WARN_64_TO_32_BIT_CONVERSION = YES;
				GCC_WARN_ABOUT_RETURN_TYPE = YES_ERROR;
				GCC_WARN_UNDECLARED_SELECTOR = YES;
				GCC_WARN_UNINITIALIZED_AUTOS = YES_AGGRESSIVE;
				GCC_WARN_UNUSED_FUNCTION = YES;
				GCC_WARN_UNUSED_VARIABLE = YES;
				IPHONEOS_DEPLOYMENT_TARGET = 10.0;
				MTL_ENABLE_DEBUG_INFO = YES;
				ONLY_ACTIVE_ARCH = YES;
				SDKROOT = iphoneos;
				SWIFT_ACTIVE_COMPILATION_CONDITIONS = DEBUG;
				SWIFT_OPTIMIZATION_LEVEL = "-Onone";
				TARGETED_DEVICE_FAMILY = "1,2";
			};
			name = Debug;
		};
		9F64D8AB1DA7FB470000762F /* Release */ = {
			isa = XCBuildConfiguration;
			buildSettings = {
				ALWAYS_SEARCH_USER_PATHS = NO;
				CLANG_ANALYZER_NONNULL = YES;
				CLANG_CXX_LANGUAGE_STANDARD = "gnu++0x";
				CLANG_CXX_LIBRARY = "libc++";
				CLANG_ENABLE_MODULES = YES;
				CLANG_ENABLE_OBJC_ARC = YES;
				CLANG_WARN_BOOL_CONVERSION = YES;
				CLANG_WARN_CONSTANT_CONVERSION = YES;
				CLANG_WARN_DIRECT_OBJC_ISA_USAGE = YES_ERROR;
				CLANG_WARN_DOCUMENTATION_COMMENTS = YES;
				CLANG_WARN_EMPTY_BODY = YES;
				CLANG_WARN_ENUM_CONVERSION = YES;
				CLANG_WARN_INFINITE_RECURSION = YES;
				CLANG_WARN_INT_CONVERSION = YES;
				CLANG_WARN_OBJC_ROOT_CLASS = YES_ERROR;
				CLANG_WARN_SUSPICIOUS_MOVES = YES;
				CLANG_WARN_UNREACHABLE_CODE = YES;
				CLANG_WARN__DUPLICATE_METHOD_MATCH = YES;
				"CODE_SIGN_IDENTITY[sdk=iphoneos*]" = "iPhone Developer";
				COPY_PHASE_STRIP = NO;
				DEBUG_INFORMATION_FORMAT = "dwarf-with-dsym";
				ENABLE_NS_ASSERTIONS = NO;
				ENABLE_STRICT_OBJC_MSGSEND = YES;
				GCC_C_LANGUAGE_STANDARD = gnu99;
				GCC_NO_COMMON_BLOCKS = YES;
				GCC_WARN_64_TO_32_BIT_CONVERSION = YES;
				GCC_WARN_ABOUT_RETURN_TYPE = YES_ERROR;
				GCC_WARN_UNDECLARED_SELECTOR = YES;
				GCC_WARN_UNINITIALIZED_AUTOS = YES_AGGRESSIVE;
				GCC_WARN_UNUSED_FUNCTION = YES;
				GCC_WARN_UNUSED_VARIABLE = YES;
				IPHONEOS_DEPLOYMENT_TARGET = 10.0;
				MTL_ENABLE_DEBUG_INFO = NO;
				SDKROOT = iphoneos;
				SWIFT_OPTIMIZATION_LEVEL = "-Owholemodule";
				TARGETED_DEVICE_FAMILY = "1,2";
				VALIDATE_PRODUCT = YES;
			};
			name = Release;
		};
		9F64D8AD1DA7FB470000762F /* Debug */ = {
			isa = XCBuildConfiguration;
			baseConfigurationReference = C8672CDE041938BE53B5578C /* Pods-Bepid Chat.debug.xcconfig */;
			buildSettings = {
				ASSETCATALOG_COMPILER_APPICON_NAME = AppIcon;
				DEVELOPMENT_TEAM = LSZG2VU824;
				INFOPLIST_FILE = "Bepid Chat/Info.plist";
				LD_RUNPATH_SEARCH_PATHS = "$(inherited) @executable_path/Frameworks";
				PRODUCT_BUNDLE_IDENTIFIER = "br.com.matheushalves.apps.Bepid-Chat";
				PRODUCT_NAME = "$(TARGET_NAME)";
				SWIFT_VERSION = 3.0;
				TARGETED_DEVICE_FAMILY = 1;
			};
			name = Debug;
		};
		9F64D8AE1DA7FB470000762F /* Release */ = {
			isa = XCBuildConfiguration;
			baseConfigurationReference = BC2AB989B8EF9ADE5C67BE70 /* Pods-Bepid Chat.release.xcconfig */;
			buildSettings = {
				ASSETCATALOG_COMPILER_APPICON_NAME = AppIcon;
				DEVELOPMENT_TEAM = LSZG2VU824;
				INFOPLIST_FILE = "Bepid Chat/Info.plist";
				LD_RUNPATH_SEARCH_PATHS = "$(inherited) @executable_path/Frameworks";
				PRODUCT_BUNDLE_IDENTIFIER = "br.com.matheushalves.apps.Bepid-Chat";
				PRODUCT_NAME = "$(TARGET_NAME)";
				SWIFT_VERSION = 3.0;
				TARGETED_DEVICE_FAMILY = 1;
			};
			name = Release;
		};
/* End XCBuildConfiguration section */

/* Begin XCConfigurationList section */
		9F64D8951DA7FB470000762F /* Build configuration list for PBXProject "Bepid Chat" */ = {
			isa = XCConfigurationList;
			buildConfigurations = (
				9F64D8AA1DA7FB470000762F /* Debug */,
				9F64D8AB1DA7FB470000762F /* Release */,
			);
			defaultConfigurationIsVisible = 0;
			defaultConfigurationName = Release;
		};
		9F64D8AC1DA7FB470000762F /* Build configuration list for PBXNativeTarget "Bepid Chat" */ = {
			isa = XCConfigurationList;
			buildConfigurations = (
				9F64D8AD1DA7FB470000762F /* Debug */,
				9F64D8AE1DA7FB470000762F /* Release */,
			);
			defaultConfigurationIsVisible = 0;
			defaultConfigurationName = Release;
		};
/* End XCConfigurationList section */
	};
	rootObject = 9F64D8921DA7FB470000762F /* Project object */;
}
